
Microsoft Visual Studio Solution File, Format Version 12.00
Project("{FAE04EC0-301F-11D3-BF4B-00C04F79EFBC}") = "TreblePlayer", "TreblePlayer\TreblePlayer.csproj", "{29DF409F-3EEE-4FD9-8F44-332FEE5CCE40}"
EndProject
Global
	GlobalSection(SolutionConfigurationPlatforms) = preSolution
		Debug|Any CPU = Debug|Any CPU
		Release|Any CPU = Release|Any CPU
	EndGlobalSection
	GlobalSection(ProjectConfigurationPlatforms) = postSolution
		{29DF409F-3EEE-4FD9-8F44-332FEE5CCE40}.Debug|Any CPU.ActiveCfg = Debug|Any CPU
		{29DF409F-3EEE-4FD9-8F44-332FEE5CCE40}.Debug|Any CPU.Build.0 = Debug|Any CPU
		{29DF409F-3EEE-4FD9-8F44-332FEE5CCE40}.Release|Any CPU.ActiveCfg = Release|Any CPU
		{29DF409F-3EEE-4FD9-8F44-332FEE5CCE40}.Release|Any CPU.Build.0 = Release|Any CPU
	EndGlobalSection
EndGlobal
